
Microsoft Visual Studio Solution File, Format Version 12.00
# Visual Studio Version 17
VisualStudioVersion = 17.9.34728.123
MinimumVisualStudioVersion = 10.0.40219.1
Project("{FAE04EC0-301F-11D3-BF4B-00C04F79EFBC}") = "ProjetoDesktop", "ProjetoDesktop\ProjetoDesktop.csproj", "{331CC1CB-C906-488A-8DB6-8245A4649F1B}"
EndProject
Global
	GlobalSection(SolutionConfigurationPlatforms) = preSolution
		Debug|Any CPU = Debug|Any CPU
		Release|Any CPU = Release|Any CPU
	EndGlobalSection
	GlobalSection(ProjectConfigurationPlatforms) = postSolution
		{331CC1CB-C906-488A-8DB6-8245A4649F1B}.Debug|Any CPU.ActiveCfg = Debug|Any CPU
		{331CC1CB-C906-488A-8DB6-8245A4649F1B}.Debug|Any CPU.Build.0 = Debug|Any CPU
		{331CC1CB-C906-488A-8DB6-8245A4649F1B}.Release|Any CPU.ActiveCfg = Release|Any CPU
		{331CC1CB-C906-488A-8DB6-8245A4649F1B}.Release|Any CPU.Build.0 = Release|Any CPU
	EndGlobalSection
	GlobalSection(SolutionProperties) = preSolution
		HideSolutionNode = FALSE
	EndGlobalSection
	GlobalSection(ExtensibilityGlobals) = postSolution
		SolutionGuid = {D518E69A-6361-4410-A1B7-1C046AE73ADF}
	EndGlobalSection
EndGlobal
